
Microsoft Visual Studio Solution File, Format Version 12.00
# Visual Studio Version 17
VisualStudioVersion = 17.9.34902.65
MinimumVisualStudioVersion = 10.0.40219.1
Project("{9A19103F-16F7-4668-BE54-9A1E7A4F7556}") = "CMCSPrototypeMVC", "CMCSPrototypeMVC.csproj", "{953F496D-86B6-47E8-A5EF-5A95C4FE9A1D}"
EndProject
Project("{9A19103F-16F7-4668-BE54-9A1E7A4F7556}") = "CMCSPrototypeMVC.Tests", "..\CMCSPrototypeMVC.Tests\CMCSPrototypeMVC.Tests.csproj", "{F7BD4F05-C766-446F-A1F3-C26FB96A410E}"
EndProject
Project("{FAE04EC0-301F-11D3-BF4B-00C04F79EFBC}") = "CMCSPrototypeMVC.test", "..\CMCSPrototypeMVC.test\CMCSPrototypeMVC.test.csproj", "{4C00D60E-3F81-4446-A2E4-5B2DB64821E5}"
EndProject
Global
	GlobalSection(SolutionConfigurationPlatforms) = preSolution
		Debug|Any CPU = Debug|Any CPU
		Release|Any CPU = Release|Any CPU
	EndGlobalSection
	GlobalSection(ProjectConfigurationPlatforms) = postSolution
		{953F496D-86B6-47E8-A5EF-5A95C4FE9A1D}.Debug|Any CPU.ActiveCfg = Debug|Any CPU
		{953F496D-86B6-47E8-A5EF-5A95C4FE9A1D}.Debug|Any CPU.Build.0 = Debug|Any CPU
		{953F496D-86B6-47E8-A5EF-5A95C4FE9A1D}.Release|Any CPU.ActiveCfg = Release|Any CPU
		{953F496D-86B6-47E8-A5EF-5A95C4FE9A1D}.Release|Any CPU.Build.0 = Release|Any CPU
		{F7BD4F05-C766-446F-A1F3-C26FB96A410E}.Debug|Any CPU.ActiveCfg = Debug|Any CPU
		{F7BD4F05-C766-446F-A1F3-C26FB96A410E}.Debug|Any CPU.Build.0 = Debug|Any CPU
		{F7BD4F05-C766-446F-A1F3-C26FB96A410E}.Release|Any CPU.ActiveCfg = Release|Any CPU
		{F7BD4F05-C766-446F-A1F3-C26FB96A410E}.Release|Any CPU.Build.0 = Release|Any CPU
		{4C00D60E-3F81-4446-A2E4-5B2DB64821E5}.Debug|Any CPU.ActiveCfg = Debug|Any CPU
		{4C00D60E-3F81-4446-A2E4-5B2DB64821E5}.Debug|Any CPU.Build.0 = Debug|Any CPU
		{4C00D60E-3F81-4446-A2E4-5B2DB64821E5}.Release|Any CPU.ActiveCfg = Release|Any CPU
		{4C00D60E-3F81-4446-A2E4-5B2DB64821E5}.Release|Any CPU.Build.0 = Release|Any CPU
	EndGlobalSection
	GlobalSection(SolutionProperties) = preSolution
		HideSolutionNode = FALSE
	EndGlobalSection
	GlobalSection(ExtensibilityGlobals) = postSolution
		SolutionGuid = {4DB2BAF4-DDF3-454A-B46B-0C4F80C74A91}
	EndGlobalSection
EndGlobal
